// !$*UTF8*$!
{
	archiveVersion = 1;
	classes = {
	};
	objectVersion = 55;
	objects = {

/* Begin PBXBuildFile section */
		E6CB860F27C6FD7B0052299E /* AppDelegate.swift in Sources */ = {isa = PBXBuildFile; fileRef = E6CB860E27C6FD7B0052299E /* AppDelegate.swift */; };
		E6CB861127C6FD7B0052299E /* SceneDelegate.swift in Sources */ = {isa = PBXBuildFile; fileRef = E6CB861027C6FD7B0052299E /* SceneDelegate.swift */; };
		E6CB861327C6FD7B0052299E /* ViewController.swift in Sources */ = {isa = PBXBuildFile; fileRef = E6CB861227C6FD7B0052299E /* ViewController.swift */; };
		E6CB861627C6FD7B0052299E /* Main.storyboard in Resources */ = {isa = PBXBuildFile; fileRef = E6CB861427C6FD7B0052299E /* Main.storyboard */; };
		E6CB861827C6FD7D0052299E /* Assets.xcassets in Resources */ = {isa = PBXBuildFile; fileRef = E6CB861727C6FD7D0052299E /* Assets.xcassets */; };
		E6CB861B27C6FD7D0052299E /* LaunchScreen.storyboard in Resources */ = {isa = PBXBuildFile; fileRef = E6CB861927C6FD7D0052299E /* LaunchScreen.storyboard */; };
		E6CB862B27C6FDC10052299E /* Engine.docc in Sources */ = {isa = PBXBuildFile; fileRef = E6CB862A27C6FDC10052299E /* Engine.docc */; };
		E6CB863127C6FDC10052299E /* Engine.framework in Frameworks */ = {isa = PBXBuildFile; fileRef = E6CB862727C6FDC10052299E /* Engine.framework */; };
		E6CB863827C6FDC10052299E /* EngineTests.swift in Sources */ = {isa = PBXBuildFile; fileRef = E6CB863727C6FDC10052299E /* EngineTests.swift */; };
		E6CB863927C6FDC10052299E /* Engine.h in Headers */ = {isa = PBXBuildFile; fileRef = E6CB862927C6FDC10052299E /* Engine.h */; settings = {ATTRIBUTES = (Public, ); }; };
		E6CB863C27C6FDC10052299E /* Engine.framework in Frameworks */ = {isa = PBXBuildFile; fileRef = E6CB862727C6FDC10052299E /* Engine.framework */; };
		E6CB863D27C6FDC10052299E /* Engine.framework in Embed Frameworks */ = {isa = PBXBuildFile; fileRef = E6CB862727C6FDC10052299E /* Engine.framework */; settings = {ATTRIBUTES = (CodeSignOnCopy, RemoveHeadersOnCopy, ); }; };
		E6CB864627C6FE630052299E /* Color.swift in Sources */ = {isa = PBXBuildFile; fileRef = E6CB864527C6FE630052299E /* Color.swift */; };
		E6CB864827C6FEA90052299E /* Bitmap.swift in Sources */ = {isa = PBXBuildFile; fileRef = E6CB864727C6FEA90052299E /* Bitmap.swift */; };
		E6CB864B27C700150052299E /* UIImage+Extension.swift in Sources */ = {isa = PBXBuildFile; fileRef = E6CB864A27C700150052299E /* UIImage+Extension.swift */; };
		E6CB864D27C70D980052299E /* Renderer.swift in Sources */ = {isa = PBXBuildFile; fileRef = E6CB864C27C70D980052299E /* Renderer.swift */; };
		E6CB864F27C70F5E0052299E /* Vector.swift in Sources */ = {isa = PBXBuildFile; fileRef = E6CB864E27C70F5E0052299E /* Vector.swift */; };
		E6CB865227C70FEA0052299E /* Vector+Operators.swift in Sources */ = {isa = PBXBuildFile; fileRef = E6CB865127C70FEA0052299E /* Vector+Operators.swift */; };
		E6CB865427C7100C0052299E /* Color+SystemColors.swift in Sources */ = {isa = PBXBuildFile; fileRef = E6CB865327C7100C0052299E /* Color+SystemColors.swift */; };
		E6CB865627C7102D0052299E /* Bitmap+Subscript.swift in Sources */ = {isa = PBXBuildFile; fileRef = E6CB865527C7102D0052299E /* Bitmap+Subscript.swift */; };
		E6CB865827C710470052299E /* Renderer+Draw.swift in Sources */ = {isa = PBXBuildFile; fileRef = E6CB865727C710470052299E /* Renderer+Draw.swift */; };
		E6CB865A27C710760052299E /* Player.swift in Sources */ = {isa = PBXBuildFile; fileRef = E6CB865927C710760052299E /* Player.swift */; };
		E6CB865C27C711D70052299E /* Player+Update.swift in Sources */ = {isa = PBXBuildFile; fileRef = E6CB865B27C711D70052299E /* Player+Update.swift */; };
/* End PBXBuildFile section */

/* Begin PBXContainerItemProxy section */
		E6CB863227C6FDC10052299E /* PBXContainerItemProxy */ = {
			isa = PBXContainerItemProxy;
			containerPortal = E6CB860327C6FD7B0052299E /* Project object */;
			proxyType = 1;
			remoteGlobalIDString = E6CB862627C6FDC10052299E;
			remoteInfo = Engine;
		};
		E6CB863427C6FDC10052299E /* PBXContainerItemProxy */ = {
			isa = PBXContainerItemProxy;
			containerPortal = E6CB860327C6FD7B0052299E /* Project object */;
			proxyType = 1;
			remoteGlobalIDString = E6CB860A27C6FD7B0052299E;
			remoteInfo = Rampage;
		};
		E6CB863A27C6FDC10052299E /* PBXContainerItemProxy */ = {
			isa = PBXContainerItemProxy;
			containerPortal = E6CB860327C6FD7B0052299E /* Project object */;
			proxyType = 1;
			remoteGlobalIDString = E6CB862627C6FDC10052299E;
			remoteInfo = Engine;
		};
/* End PBXContainerItemProxy section */

/* Begin PBXCopyFilesBuildPhase section */
		E6CB864127C6FDC10052299E /* Embed Frameworks */ = {
			isa = PBXCopyFilesBuildPhase;
			buildActionMask = 2147483647;
			dstPath = "";
			dstSubfolderSpec = 10;
			files = (
				E6CB863D27C6FDC10052299E /* Engine.framework in Embed Frameworks */,
			);
			name = "Embed Frameworks";
			runOnlyForDeploymentPostprocessing = 0;
		};
/* End PBXCopyFilesBuildPhase section */

/* Begin PBXFileReference section */
		E6CB860B27C6FD7B0052299E /* Rampage.app */ = {isa = PBXFileReference; explicitFileType = wrapper.application; includeInIndex = 0; path = Rampage.app; sourceTree = BUILT_PRODUCTS_DIR; };
		E6CB860E27C6FD7B0052299E /* AppDelegate.swift */ = {isa = PBXFileReference; lastKnownFileType = sourcecode.swift; path = AppDelegate.swift; sourceTree = "<group>"; };
		E6CB861027C6FD7B0052299E /* SceneDelegate.swift */ = {isa = PBXFileReference; lastKnownFileType = sourcecode.swift; path = SceneDelegate.swift; sourceTree = "<group>"; };
		E6CB861227C6FD7B0052299E /* ViewController.swift */ = {isa = PBXFileReference; lastKnownFileType = sourcecode.swift; path = ViewController.swift; sourceTree = "<group>"; };
		E6CB861527C6FD7B0052299E /* Base */ = {isa = PBXFileReference; lastKnownFileType = file.storyboard; name = Base; path = Base.lproj/Main.storyboard; sourceTree = "<group>"; };
		E6CB861727C6FD7D0052299E /* Assets.xcassets */ = {isa = PBXFileReference; lastKnownFileType = folder.assetcatalog; path = Assets.xcassets; sourceTree = "<group>"; };
		E6CB861A27C6FD7D0052299E /* Base */ = {isa = PBXFileReference; lastKnownFileType = file.storyboard; name = Base; path = Base.lproj/LaunchScreen.storyboard; sourceTree = "<group>"; };
		E6CB861C27C6FD7D0052299E /* Info.plist */ = {isa = PBXFileReference; lastKnownFileType = text.plist.xml; path = Info.plist; sourceTree = "<group>"; };
		E6CB862727C6FDC10052299E /* Engine.framework */ = {isa = PBXFileReference; explicitFileType = wrapper.framework; includeInIndex = 0; path = Engine.framework; sourceTree = BUILT_PRODUCTS_DIR; };
		E6CB862927C6FDC10052299E /* Engine.h */ = {isa = PBXFileReference; lastKnownFileType = sourcecode.c.h; path = Engine.h; sourceTree = "<group>"; };
		E6CB862A27C6FDC10052299E /* Engine.docc */ = {isa = PBXFileReference; lastKnownFileType = folder.documentationcatalog; path = Engine.docc; sourceTree = "<group>"; };
		E6CB863027C6FDC10052299E /* EngineTests.xctest */ = {isa = PBXFileReference; explicitFileType = wrapper.cfbundle; includeInIndex = 0; path = EngineTests.xctest; sourceTree = BUILT_PRODUCTS_DIR; };
		E6CB863727C6FDC10052299E /* EngineTests.swift */ = {isa = PBXFileReference; lastKnownFileType = sourcecode.swift; path = EngineTests.swift; sourceTree = "<group>"; };
		E6CB864527C6FE630052299E /* Color.swift */ = {isa = PBXFileReference; lastKnownFileType = sourcecode.swift; path = Color.swift; sourceTree = "<group>"; };
		E6CB864727C6FEA90052299E /* Bitmap.swift */ = {isa = PBXFileReference; lastKnownFileType = sourcecode.swift; path = Bitmap.swift; sourceTree = "<group>"; };
		E6CB864A27C700150052299E /* UIImage+Extension.swift */ = {isa = PBXFileReference; lastKnownFileType = sourcecode.swift; path = "UIImage+Extension.swift"; sourceTree = "<group>"; };
		E6CB864C27C70D980052299E /* Renderer.swift */ = {isa = PBXFileReference; lastKnownFileType = sourcecode.swift; path = Renderer.swift; sourceTree = "<group>"; };
		E6CB864E27C70F5E0052299E /* Vector.swift */ = {isa = PBXFileReference; lastKnownFileType = sourcecode.swift; path = Vector.swift; sourceTree = "<group>"; };
		E6CB865127C70FEA0052299E /* Vector+Operators.swift */ = {isa = PBXFileReference; lastKnownFileType = sourcecode.swift; path = "Vector+Operators.swift"; sourceTree = "<group>"; };
		E6CB865327C7100C0052299E /* Color+SystemColors.swift */ = {isa = PBXFileReference; lastKnownFileType = sourcecode.swift; path = "Color+SystemColors.swift"; sourceTree = "<group>"; };
		E6CB865527C7102D0052299E /* Bitmap+Subscript.swift */ = {isa = PBXFileReference; lastKnownFileType = sourcecode.swift; path = "Bitmap+Subscript.swift"; sourceTree = "<group>"; };
		E6CB865727C710470052299E /* Renderer+Draw.swift */ = {isa = PBXFileReference; lastKnownFileType = sourcecode.swift; path = "Renderer+Draw.swift"; sourceTree = "<group>"; };
		E6CB865927C710760052299E /* Player.swift */ = {isa = PBXFileReference; lastKnownFileType = sourcecode.swift; path = Player.swift; sourceTree = "<group>"; };
		E6CB865B27C711D70052299E /* Player+Update.swift */ = {isa = PBXFileReference; lastKnownFileType = sourcecode.swift; path = "Player+Update.swift"; sourceTree = "<group>"; };
/* End PBXFileReference section */

/* Begin PBXFrameworksBuildPhase section */
		E6CB860827C6FD7B0052299E /* Frameworks */ = {
			isa = PBXFrameworksBuildPhase;
			buildActionMask = 2147483647;
			files = (
				E6CB863C27C6FDC10052299E /* Engine.framework in Frameworks */,
			);
			runOnlyForDeploymentPostprocessing = 0;
		};
		E6CB862427C6FDC10052299E /* Frameworks */ = {
			isa = PBXFrameworksBuildPhase;
			buildActionMask = 2147483647;
			files = (
			);
			runOnlyForDeploymentPostprocessing = 0;
		};
		E6CB862D27C6FDC10052299E /* Frameworks */ = {
			isa = PBXFrameworksBuildPhase;
			buildActionMask = 2147483647;
			files = (
				E6CB863127C6FDC10052299E /* Engine.framework in Frameworks */,
			);
			runOnlyForDeploymentPostprocessing = 0;
		};
/* End PBXFrameworksBuildPhase section */

/* Begin PBXGroup section */
		E6CB860227C6FD7B0052299E = {
			isa = PBXGroup;
			children = (
				E6CB860D27C6FD7B0052299E /* Rampage */,
				E6CB862827C6FDC10052299E /* Engine */,
				E6CB863627C6FDC10052299E /* EngineTests */,
				E6CB860C27C6FD7B0052299E /* Products */,
			);
			sourceTree = "<group>";
		};
		E6CB860C27C6FD7B0052299E /* Products */ = {
			isa = PBXGroup;
			children = (
				E6CB860B27C6FD7B0052299E /* Rampage.app */,
				E6CB862727C6FDC10052299E /* Engine.framework */,
				E6CB863027C6FDC10052299E /* EngineTests.xctest */,
			);
			name = Products;
			sourceTree = "<group>";
		};
		E6CB860D27C6FD7B0052299E /* Rampage */ = {
			isa = PBXGroup;
			children = (
				E6CB864927C700070052299E /* Extensions */,
				E6CB860E27C6FD7B0052299E /* AppDelegate.swift */,
				E6CB861027C6FD7B0052299E /* SceneDelegate.swift */,
				E6CB861227C6FD7B0052299E /* ViewController.swift */,
				E6CB861427C6FD7B0052299E /* Main.storyboard */,
				E6CB861727C6FD7D0052299E /* Assets.xcassets */,
				E6CB861927C6FD7D0052299E /* LaunchScreen.storyboard */,
				E6CB861C27C6FD7D0052299E /* Info.plist */,
			);
			path = Rampage;
			sourceTree = "<group>";
		};
		E6CB862827C6FDC10052299E /* Engine */ = {
			isa = PBXGroup;
			children = (
				E6CB865027C70FDE0052299E /* CoreTypeExtensions */,
				E6CB862927C6FDC10052299E /* Engine.h */,
				E6CB862A27C6FDC10052299E /* Engine.docc */,
				E6CB864527C6FE630052299E /* Color.swift */,
				E6CB864727C6FEA90052299E /* Bitmap.swift */,
				E6CB864C27C70D980052299E /* Renderer.swift */,
				E6CB864E27C70F5E0052299E /* Vector.swift */,
				E6CB865927C710760052299E /* Player.swift */,
			);
			path = Engine;
			sourceTree = "<group>";
		};
		E6CB863627C6FDC10052299E /* EngineTests */ = {
			isa = PBXGroup;
			children = (
				E6CB863727C6FDC10052299E /* EngineTests.swift */,
			);
			path = EngineTests;
			sourceTree = "<group>";
		};
		E6CB864927C700070052299E /* Extensions */ = {
			isa = PBXGroup;
			children = (
				E6CB864A27C700150052299E /* UIImage+Extension.swift */,
			);
			path = Extensions;
			sourceTree = "<group>";
		};
		E6CB865027C70FDE0052299E /* CoreTypeExtensions */ = {
			isa = PBXGroup;
			children = (
				E6CB865127C70FEA0052299E /* Vector+Operators.swift */,
				E6CB865327C7100C0052299E /* Color+SystemColors.swift */,
				E6CB865527C7102D0052299E /* Bitmap+Subscript.swift */,
				E6CB865727C710470052299E /* Renderer+Draw.swift */,
				E6CB865B27C711D70052299E /* Player+Update.swift */,
			);
			path = CoreTypeExtensions;
			sourceTree = "<group>";
		};
/* End PBXGroup section */

/* Begin PBXHeadersBuildPhase section */
		E6CB862227C6FDC10052299E /* Headers */ = {
			isa = PBXHeadersBuildPhase;
			buildActionMask = 2147483647;
			files = (
				E6CB863927C6FDC10052299E /* Engine.h in Headers */,
			);
			runOnlyForDeploymentPostprocessing = 0;
		};
/* End PBXHeadersBuildPhase section */

/* Begin PBXNativeTarget section */
		E6CB860A27C6FD7B0052299E /* Rampage */ = {
			isa = PBXNativeTarget;
			buildConfigurationList = E6CB861F27C6FD7D0052299E /* Build configuration list for PBXNativeTarget "Rampage" */;
			buildPhases = (
				E6CB860727C6FD7B0052299E /* Sources */,
				E6CB860827C6FD7B0052299E /* Frameworks */,
				E6CB860927C6FD7B0052299E /* Resources */,
				E6CB864127C6FDC10052299E /* Embed Frameworks */,
			);
			buildRules = (
			);
			dependencies = (
				E6CB863B27C6FDC10052299E /* PBXTargetDependency */,
			);
			name = Rampage;
			productName = Rampage;
			productReference = E6CB860B27C6FD7B0052299E /* Rampage.app */;
			productType = "com.apple.product-type.application";
		};
		E6CB862627C6FDC10052299E /* Engine */ = {
			isa = PBXNativeTarget;
			buildConfigurationList = E6CB863E27C6FDC10052299E /* Build configuration list for PBXNativeTarget "Engine" */;
			buildPhases = (
				E6CB862227C6FDC10052299E /* Headers */,
				E6CB862327C6FDC10052299E /* Sources */,
				E6CB862427C6FDC10052299E /* Frameworks */,
				E6CB862527C6FDC10052299E /* Resources */,
			);
			buildRules = (
			);
			dependencies = (
			);
			name = Engine;
			productName = Engine;
			productReference = E6CB862727C6FDC10052299E /* Engine.framework */;
			productType = "com.apple.product-type.framework";
		};
		E6CB862F27C6FDC10052299E /* EngineTests */ = {
			isa = PBXNativeTarget;
			buildConfigurationList = E6CB864227C6FDC10052299E /* Build configuration list for PBXNativeTarget "EngineTests" */;
			buildPhases = (
				E6CB862C27C6FDC10052299E /* Sources */,
				E6CB862D27C6FDC10052299E /* Frameworks */,
				E6CB862E27C6FDC10052299E /* Resources */,
			);
			buildRules = (
			);
			dependencies = (
				E6CB863327C6FDC10052299E /* PBXTargetDependency */,
				E6CB863527C6FDC10052299E /* PBXTargetDependency */,
			);
			name = EngineTests;
			productName = EngineTests;
			productReference = E6CB863027C6FDC10052299E /* EngineTests.xctest */;
			productType = "com.apple.product-type.bundle.unit-test";
		};
/* End PBXNativeTarget section */

/* Begin PBXProject section */
		E6CB860327C6FD7B0052299E /* Project object */ = {
			isa = PBXProject;
			attributes = {
				BuildIndependentTargetsInParallel = 1;
				LastSwiftUpdateCheck = 1320;
				LastUpgradeCheck = 1320;
				TargetAttributes = {
					E6CB860A27C6FD7B0052299E = {
						CreatedOnToolsVersion = 13.2.1;
					};
					E6CB862627C6FDC10052299E = {
						CreatedOnToolsVersion = 13.2.1;
					};
					E6CB862F27C6FDC10052299E = {
						CreatedOnToolsVersion = 13.2.1;
						TestTargetID = E6CB860A27C6FD7B0052299E;
					};
				};
			};
			buildConfigurationList = E6CB860627C6FD7B0052299E /* Build configuration list for PBXProject "Rampage" */;
			compatibilityVersion = "Xcode 13.0";
			developmentRegion = en;
			hasScannedForEncodings = 0;
			knownRegions = (
				en,
				Base,
			);
			mainGroup = E6CB860227C6FD7B0052299E;
			productRefGroup = E6CB860C27C6FD7B0052299E /* Products */;
			projectDirPath = "";
			projectRoot = "";
			targets = (
				E6CB860A27C6FD7B0052299E /* Rampage */,
				E6CB862627C6FDC10052299E /* Engine */,
				E6CB862F27C6FDC10052299E /* EngineTests */,
			);
		};
/* End PBXProject section */

/* Begin PBXResourcesBuildPhase section */
		E6CB860927C6FD7B0052299E /* Resources */ = {
			isa = PBXResourcesBuildPhase;
			buildActionMask = 2147483647;
			files = (
				E6CB861B27C6FD7D0052299E /* LaunchScreen.storyboard in Resources */,
				E6CB861827C6FD7D0052299E /* Assets.xcassets in Resources */,
				E6CB861627C6FD7B0052299E /* Main.storyboard in Resources */,
			);
			runOnlyForDeploymentPostprocessing = 0;
		};
		E6CB862527C6FDC10052299E /* Resources */ = {
			isa = PBXResourcesBuildPhase;
			buildActionMask = 2147483647;
			files = (
			);
			runOnlyForDeploymentPostprocessing = 0;
		};
		E6CB862E27C6FDC10052299E /* Resources */ = {
			isa = PBXResourcesBuildPhase;
			buildActionMask = 2147483647;
			files = (
			);
			runOnlyForDeploymentPostprocessing = 0;
		};
/* End PBXResourcesBuildPhase section */

/* Begin PBXSourcesBuildPhase section */
		E6CB860727C6FD7B0052299E /* Sources */ = {
			isa = PBXSourcesBuildPhase;
			buildActionMask = 2147483647;
			files = (
				E6CB861327C6FD7B0052299E /* ViewController.swift in Sources */,
				E6CB860F27C6FD7B0052299E /* AppDelegate.swift in Sources */,
				E6CB861127C6FD7B0052299E /* SceneDelegate.swift in Sources */,
				E6CB864B27C700150052299E /* UIImage+Extension.swift in Sources */,
			);
			runOnlyForDeploymentPostprocessing = 0;
		};
		E6CB862327C6FDC10052299E /* Sources */ = {
			isa = PBXSourcesBuildPhase;
			buildActionMask = 2147483647;
			files = (
				E6CB865627C7102D0052299E /* Bitmap+Subscript.swift in Sources */,
				E6CB864D27C70D980052299E /* Renderer.swift in Sources */,
				E6CB865C27C711D70052299E /* Player+Update.swift in Sources */,
				E6CB862B27C6FDC10052299E /* Engine.docc in Sources */,
				E6CB865227C70FEA0052299E /* Vector+Operators.swift in Sources */,
				E6CB865827C710470052299E /* Renderer+Draw.swift in Sources */,
				E6CB864F27C70F5E0052299E /* Vector.swift in Sources */,
				E6CB864827C6FEA90052299E /* Bitmap.swift in Sources */,
				E6CB865427C7100C0052299E /* Color+SystemColors.swift in Sources */,
				E6CB865A27C710760052299E /* Player.swift in Sources */,
				E6CB864627C6FE630052299E /* Color.swift in Sources */,
			);
			runOnlyForDeploymentPostprocessing = 0;
		};
		E6CB862C27C6FDC10052299E /* Sources */ = {
			isa = PBXSourcesBuildPhase;
			buildActionMask = 2147483647;
			files = (
				E6CB863827C6FDC10052299E /* EngineTests.swift in Sources */,
			);
			runOnlyForDeploymentPostprocessing = 0;
		};
/* End PBXSourcesBuildPhase section */

/* Begin PBXTargetDependency section */
		E6CB863327C6FDC10052299E /* PBXTargetDependency */ = {
			isa = PBXTargetDependency;
			target = E6CB862627C6FDC10052299E /* Engine */;
			targetProxy = E6CB863227C6FDC10052299E /* PBXContainerItemProxy */;
		};
		E6CB863527C6FDC10052299E /* PBXTargetDependency */ = {
			isa = PBXTargetDependency;
			target = E6CB860A27C6FD7B0052299E /* Rampage */;
			targetProxy = E6CB863427C6FDC10052299E /* PBXContainerItemProxy */;
		};
		E6CB863B27C6FDC10052299E /* PBXTargetDependency */ = {
			isa = PBXTargetDependency;
			target = E6CB862627C6FDC10052299E /* Engine */;
			targetProxy = E6CB863A27C6FDC10052299E /* PBXContainerItemProxy */;
		};
/* End PBXTargetDependency section */

/* Begin PBXVariantGroup section */
		E6CB861427C6FD7B0052299E /* Main.storyboard */ = {
			isa = PBXVariantGroup;
			children = (
				E6CB861527C6FD7B0052299E /* Base */,
			);
			name = Main.storyboard;
			sourceTree = "<group>";
		};
		E6CB861927C6FD7D0052299E /* LaunchScreen.storyboard */ = {
			isa = PBXVariantGroup;
			children = (
				E6CB861A27C6FD7D0052299E /* Base */,
			);
			name = LaunchScreen.storyboard;
			sourceTree = "<group>";
		};
/* End PBXVariantGroup section */

/* Begin XCBuildConfiguration section */
		E6CB861D27C6FD7D0052299E /* Debug */ = {
			isa = XCBuildConfiguration;
			buildSettings = {
				ALWAYS_SEARCH_USER_PATHS = NO;
				CLANG_ANALYZER_NONNULL = YES;
				CLANG_ANALYZER_NUMBER_OBJECT_CONVERSION = YES_AGGRESSIVE;
				CLANG_CXX_LANGUAGE_STANDARD = "gnu++17";
				CLANG_CXX_LIBRARY = "libc++";
				CLANG_ENABLE_MODULES = YES;
				CLANG_ENABLE_OBJC_ARC = YES;
				CLANG_ENABLE_OBJC_WEAK = YES;
				CLANG_WARN_BLOCK_CAPTURE_AUTORELEASING = YES;
				CLANG_WARN_BOOL_CONVERSION = YES;
				CLANG_WARN_COMMA = YES;
				CLANG_WARN_CONSTANT_CONVERSION = YES;
				CLANG_WARN_DEPRECATED_OBJC_IMPLEMENTATIONS = YES;
				CLANG_WARN_DIRECT_OBJC_ISA_USAGE = YES_ERROR;
				CLANG_WARN_DOCUMENTATION_COMMENTS = YES;
				CLANG_WARN_EMPTY_BODY = YES;
				CLANG_WARN_ENUM_CONVERSION = YES;
				CLANG_WARN_INFINITE_RECURSION = YES;
				CLANG_WARN_INT_CONVERSION = YES;
				CLANG_WARN_NON_LITERAL_NULL_CONVERSION = YES;
				CLANG_WARN_OBJC_IMPLICIT_RETAIN_SELF = YES;
				CLANG_WARN_OBJC_LITERAL_CONVERSION = YES;
				CLANG_WARN_OBJC_ROOT_CLASS = YES_ERROR;
				CLANG_WARN_QUOTED_INCLUDE_IN_FRAMEWORK_HEADER = YES;
				CLANG_WARN_RANGE_LOOP_ANALYSIS = YES;
				CLANG_WARN_STRICT_PROTOTYPES = YES;
				CLANG_WARN_SUSPICIOUS_MOVE = YES;
				CLANG_WARN_UNGUARDED_AVAILABILITY = YES_AGGRESSIVE;
				CLANG_WARN_UNREACHABLE_CODE = YES;
				CLANG_WARN__DUPLICATE_METHOD_MATCH = YES;
				COPY_PHASE_STRIP = NO;
				DEBUG_INFORMATION_FORMAT = dwarf;
				ENABLE_STRICT_OBJC_MSGSEND = YES;
				ENABLE_TESTABILITY = YES;
				GCC_C_LANGUAGE_STANDARD = gnu11;
				GCC_DYNAMIC_NO_PIC = NO;
				GCC_NO_COMMON_BLOCKS = YES;
				GCC_OPTIMIZATION_LEVEL = 0;
				GCC_PREPROCESSOR_DEFINITIONS = (
					"DEBUG=1",
					"$(inherited)",
				);
				GCC_WARN_64_TO_32_BIT_CONVERSION = YES;
				GCC_WARN_ABOUT_RETURN_TYPE = YES_ERROR;
				GCC_WARN_UNDECLARED_SELECTOR = YES;
				GCC_WARN_UNINITIALIZED_AUTOS = YES_AGGRESSIVE;
				GCC_WARN_UNUSED_FUNCTION = YES;
				GCC_WARN_UNUSED_VARIABLE = YES;
				IPHONEOS_DEPLOYMENT_TARGET = 15.2;
				MTL_ENABLE_DEBUG_INFO = INCLUDE_SOURCE;
				MTL_FAST_MATH = YES;
				ONLY_ACTIVE_ARCH = YES;
				SDKROOT = iphoneos;
				SWIFT_ACTIVE_COMPILATION_CONDITIONS = DEBUG;
				SWIFT_OPTIMIZATION_LEVEL = "-Onone";
			};
			name = Debug;
		};
		E6CB861E27C6FD7D0052299E /* Release */ = {
			isa = XCBuildConfiguration;
			buildSettings = {
				ALWAYS_SEARCH_USER_PATHS = NO;
				CLANG_ANALYZER_NONNULL = YES;
				CLANG_ANALYZER_NUMBER_OBJECT_CONVERSION = YES_AGGRESSIVE;
				CLANG_CXX_LANGUAGE_STANDARD = "gnu++17";
				CLANG_CXX_LIBRARY = "libc++";
				CLANG_ENABLE_MODULES = YES;
				CLANG_ENABLE_OBJC_ARC = YES;
				CLANG_ENABLE_OBJC_WEAK = YES;
				CLANG_WARN_BLOCK_CAPTURE_AUTORELEASING = YES;
				CLANG_WARN_BOOL_CONVERSION = YES;
				CLANG_WARN_COMMA = YES;
				CLANG_WARN_CONSTANT_CONVERSION = YES;
				CLANG_WARN_DEPRECATED_OBJC_IMPLEMENTATIONS = YES;
				CLANG_WARN_DIRECT_OBJC_ISA_USAGE = YES_ERROR;
				CLANG_WARN_DOCUMENTATION_COMMENTS = YES;
				CLANG_WARN_EMPTY_BODY = YES;
				CLANG_WARN_ENUM_CONVERSION = YES;
				CLANG_WARN_INFINITE_RECURSION = YES;
				CLANG_WARN_INT_CONVERSION = YES;
				CLANG_WARN_NON_LITERAL_NULL_CONVERSION = YES;
				CLANG_WARN_OBJC_IMPLICIT_RETAIN_SELF = YES;
				CLANG_WARN_OBJC_LITERAL_CONVERSION = YES;
				CLANG_WARN_OBJC_ROOT_CLASS = YES_ERROR;
				CLANG_WARN_QUOTED_INCLUDE_IN_FRAMEWORK_HEADER = YES;
				CLANG_WARN_RANGE_LOOP_ANALYSIS = YES;
				CLANG_WARN_STRICT_PROTOTYPES = YES;
				CLANG_WARN_SUSPICIOUS_MOVE = YES;
				CLANG_WARN_UNGUARDED_AVAILABILITY = YES_AGGRESSIVE;
				CLANG_WARN_UNREACHABLE_CODE = YES;
				CLANG_WARN__DUPLICATE_METHOD_MATCH = YES;
				COPY_PHASE_STRIP = NO;
				DEBUG_INFORMATION_FORMAT = "dwarf-with-dsym";
				ENABLE_NS_ASSERTIONS = NO;
				ENABLE_STRICT_OBJC_MSGSEND = YES;
				GCC_C_LANGUAGE_STANDARD = gnu11;
				GCC_NO_COMMON_BLOCKS = YES;
				GCC_WARN_64_TO_32_BIT_CONVERSION = YES;
				GCC_WARN_ABOUT_RETURN_TYPE = YES_ERROR;
				GCC_WARN_UNDECLARED_SELECTOR = YES;
				GCC_WARN_UNINITIALIZED_AUTOS = YES_AGGRESSIVE;
				GCC_WARN_UNUSED_FUNCTION = YES;
				GCC_WARN_UNUSED_VARIABLE = YES;
				IPHONEOS_DEPLOYMENT_TARGET = 15.2;
				MTL_ENABLE_DEBUG_INFO = NO;
				MTL_FAST_MATH = YES;
				SDKROOT = iphoneos;
				SWIFT_COMPILATION_MODE = wholemodule;
				SWIFT_OPTIMIZATION_LEVEL = "-O";
				VALIDATE_PRODUCT = YES;
			};
			name = Release;
		};
		E6CB862027C6FD7D0052299E /* Debug */ = {
			isa = XCBuildConfiguration;
			buildSettings = {
				ALWAYS_EMBED_SWIFT_STANDARD_LIBRARIES = YES;
				ASSETCATALOG_COMPILER_APPICON_NAME = AppIcon;
				ASSETCATALOG_COMPILER_GLOBAL_ACCENT_COLOR_NAME = AccentColor;
				CODE_SIGN_STYLE = Automatic;
				CURRENT_PROJECT_VERSION = 1;
				DEVELOPMENT_TEAM = 6SR4JWJD54;
				GENERATE_INFOPLIST_FILE = YES;
				INFOPLIST_FILE = Rampage/Info.plist;
				INFOPLIST_KEY_UIApplicationSupportsIndirectInputEvents = YES;
				INFOPLIST_KEY_UILaunchStoryboardName = LaunchScreen;
				INFOPLIST_KEY_UIMainStoryboardFile = Main;
				INFOPLIST_KEY_UISupportedInterfaceOrientations_iPad = "UIInterfaceOrientationPortrait UIInterfaceOrientationPortraitUpsideDown UIInterfaceOrientationLandscapeLeft UIInterfaceOrientationLandscapeRight";
				INFOPLIST_KEY_UISupportedInterfaceOrientations_iPhone = "UIInterfaceOrientationPortrait UIInterfaceOrientationLandscapeLeft UIInterfaceOrientationLandscapeRight";
				LD_RUNPATH_SEARCH_PATHS = (
					"$(inherited)",
					"@executable_path/Frameworks",
				);
				MARKETING_VERSION = 1.0;
				PRODUCT_BUNDLE_IDENTIFIER = com.tornike.Rampage;
				PRODUCT_NAME = "$(TARGET_NAME)";
				SWIFT_EMIT_LOC_STRINGS = YES;
				SWIFT_VERSION = 5.0;
				TARGETED_DEVICE_FAMILY = "1,2";
			};
			name = Debug;
		};
		E6CB862127C6FD7D0052299E /* Release */ = {
			isa = XCBuildConfiguration;
			buildSettings = {
				ALWAYS_EMBED_SWIFT_STANDARD_LIBRARIES = YES;
				ASSETCATALOG_COMPILER_APPICON_NAME = AppIcon;
				ASSETCATALOG_COMPILER_GLOBAL_ACCENT_COLOR_NAME = AccentColor;
				CODE_SIGN_STYLE = Automatic;
				CURRENT_PROJECT_VERSION = 1;
				DEVELOPMENT_TEAM = 6SR4JWJD54;
				GENERATE_INFOPLIST_FILE = YES;
				INFOPLIST_FILE = Rampage/Info.plist;
				INFOPLIST_KEY_UIApplicationSupportsIndirectInputEvents = YES;
				INFOPLIST_KEY_UILaunchStoryboardName = LaunchScreen;
				INFOPLIST_KEY_UIMainStoryboardFile = Main;
				INFOPLIST_KEY_UISupportedInterfaceOrientations_iPad = "UIInterfaceOrientationPortrait UIInterfaceOrientationPortraitUpsideDown UIInterfaceOrientationLandscapeLeft UIInterfaceOrientationLandscapeRight";
				INFOPLIST_KEY_UISupportedInterfaceOrientations_iPhone = "UIInterfaceOrientationPortrait UIInterfaceOrientationLandscapeLeft UIInterfaceOrientationLandscapeRight";
				LD_RUNPATH_SEARCH_PATHS = (
					"$(inherited)",
					"@executable_path/Frameworks",
				);
				MARKETING_VERSION = 1.0;
				PRODUCT_BUNDLE_IDENTIFIER = com.tornike.Rampage;
				PRODUCT_NAME = "$(TARGET_NAME)";
				SWIFT_EMIT_LOC_STRINGS = YES;
				SWIFT_VERSION = 5.0;
				TARGETED_DEVICE_FAMILY = "1,2";
			};
			name = Release;
		};
		E6CB863F27C6FDC10052299E /* Debug */ = {
			isa = XCBuildConfiguration;
			buildSettings = {
				CODE_SIGN_STYLE = Automatic;
				CURRENT_PROJECT_VERSION = 1;
				DEFINES_MODULE = YES;
				DEVELOPMENT_TEAM = 6SR4JWJD54;
				DYLIB_COMPATIBILITY_VERSION = 1;
				DYLIB_CURRENT_VERSION = 1;
				DYLIB_INSTALL_NAME_BASE = "@rpath";
				GENERATE_INFOPLIST_FILE = YES;
				INFOPLIST_KEY_NSHumanReadableCopyright = "";
				INSTALL_PATH = "$(LOCAL_LIBRARY_DIR)/Frameworks";
				LD_RUNPATH_SEARCH_PATHS = (
					"$(inherited)",
					"@executable_path/Frameworks",
					"@loader_path/Frameworks",
				);
				MARKETING_VERSION = 1.0;
				PRODUCT_BUNDLE_IDENTIFIER = com.tornike.Engine;
				PRODUCT_NAME = "$(TARGET_NAME:c99extidentifier)";
				SKIP_INSTALL = YES;
				SWIFT_EMIT_LOC_STRINGS = YES;
				SWIFT_VERSION = 5.0;
				TARGETED_DEVICE_FAMILY = "1,2";
				VERSIONING_SYSTEM = "apple-generic";
				VERSION_INFO_PREFIX = "";
			};
			name = Debug;
		};
		E6CB864027C6FDC10052299E /* Release */ = {
			isa = XCBuildConfiguration;
			buildSettings = {
				CODE_SIGN_STYLE = Automatic;
				CURRENT_PROJECT_VERSION = 1;
				DEFINES_MODULE = YES;
				DEVELOPMENT_TEAM = 6SR4JWJD54;
				DYLIB_COMPATIBILITY_VERSION = 1;
				DYLIB_CURRENT_VERSION = 1;
				DYLIB_INSTALL_NAME_BASE = "@rpath";
				GENERATE_INFOPLIST_FILE = YES;
				INFOPLIST_KEY_NSHumanReadableCopyright = "";
				INSTALL_PATH = "$(LOCAL_LIBRARY_DIR)/Frameworks";
				LD_RUNPATH_SEARCH_PATHS = (
					"$(inherited)",
					"@executable_path/Frameworks",
					"@loader_path/Frameworks",
				);
				MARKETING_VERSION = 1.0;
				PRODUCT_BUNDLE_IDENTIFIER = com.tornike.Engine;
				PRODUCT_NAME = "$(TARGET_NAME:c99extidentifier)";
				SKIP_INSTALL = YES;
				SWIFT_EMIT_LOC_STRINGS = YES;
				SWIFT_VERSION = 5.0;
				TARGETED_DEVICE_FAMILY = "1,2";
				VERSIONING_SYSTEM = "apple-generic";
				VERSION_INFO_PREFIX = "";
			};
			name = Release;
		};
		E6CB864327C6FDC10052299E /* Debug */ = {
			isa = XCBuildConfiguration;
			buildSettings = {
				ALWAYS_EMBED_SWIFT_STANDARD_LIBRARIES = YES;
				CODE_SIGN_STYLE = Automatic;
				CURRENT_PROJECT_VERSION = 1;
				DEVELOPMENT_TEAM = 6SR4JWJD54;
				GENERATE_INFOPLIST_FILE = YES;
				MARKETING_VERSION = 1.0;
				PRODUCT_BUNDLE_IDENTIFIER = com.tornike.EngineTests;
				PRODUCT_NAME = "$(TARGET_NAME)";
				SWIFT_EMIT_LOC_STRINGS = NO;
				SWIFT_VERSION = 5.0;
				TARGETED_DEVICE_FAMILY = "1,2";
				TEST_HOST = "$(BUILT_PRODUCTS_DIR)/Rampage.app/Rampage";
			};
			name = Debug;
		};
		E6CB864427C6FDC10052299E /* Release */ = {
			isa = XCBuildConfiguration;
			buildSettings = {
				ALWAYS_EMBED_SWIFT_STANDARD_LIBRARIES = YES;
				CODE_SIGN_STYLE = Automatic;
				CURRENT_PROJECT_VERSION = 1;
				DEVELOPMENT_TEAM = 6SR4JWJD54;
				GENERATE_INFOPLIST_FILE = YES;
				MARKETING_VERSION = 1.0;
				PRODUCT_BUNDLE_IDENTIFIER = com.tornike.EngineTests;
				PRODUCT_NAME = "$(TARGET_NAME)";
				SWIFT_EMIT_LOC_STRINGS = NO;
				SWIFT_VERSION = 5.0;
				TARGETED_DEVICE_FAMILY = "1,2";
				TEST_HOST = "$(BUILT_PRODUCTS_DIR)/Rampage.app/Rampage";
			};
			name = Release;
		};
/* End XCBuildConfiguration section */

/* Begin XCConfigurationList section */
		E6CB860627C6FD7B0052299E /* Build configuration list for PBXProject "Rampage" */ = {
			isa = XCConfigurationList;
			buildConfigurations = (
				E6CB861D27C6FD7D0052299E /* Debug */,
				E6CB861E27C6FD7D0052299E /* Release */,
			);
			defaultConfigurationIsVisible = 0;
			defaultConfigurationName = Release;
		};
		E6CB861F27C6FD7D0052299E /* Build configuration list for PBXNativeTarget "Rampage" */ = {
			isa = XCConfigurationList;
			buildConfigurations = (
				E6CB862027C6FD7D0052299E /* Debug */,
				E6CB862127C6FD7D0052299E /* Release */,
			);
			defaultConfigurationIsVisible = 0;
			defaultConfigurationName = Release;
		};
		E6CB863E27C6FDC10052299E /* Build configuration list for PBXNativeTarget "Engine" */ = {
			isa = XCConfigurationList;
			buildConfigurations = (
				E6CB863F27C6FDC10052299E /* Debug */,
				E6CB864027C6FDC10052299E /* Release */,
			);
			defaultConfigurationIsVisible = 0;
			defaultConfigurationName = Release;
		};
		E6CB864227C6FDC10052299E /* Build configuration list for PBXNativeTarget "EngineTests" */ = {
			isa = XCConfigurationList;
			buildConfigurations = (
				E6CB864327C6FDC10052299E /* Debug */,
				E6CB864427C6FDC10052299E /* Release */,
			);
			defaultConfigurationIsVisible = 0;
			defaultConfigurationName = Release;
		};
/* End XCConfigurationList section */
	};
	rootObject = E6CB860327C6FD7B0052299E /* Project object */;
}
